
Microsoft Visual Studio Solution File, Format Version 12.00
# Visual Studio Version 17
VisualStudioVersion = 17.7.34031.279
MinimumVisualStudioVersion = 10.0.40219.1
Project("{9A19103F-16F7-4668-BE54-9A1E7A4F7556}") = "SolverLibrary", "SolverLibrary\SolverLibrary.csproj", "{761DE779-3DA2-4B7D-A998-6E7BA4342064}"
EndProject
Project("{9A19103F-16F7-4668-BE54-9A1E7A4F7556}") = "SolverLibraryTests", "SolverLibraryTests\SolverLibraryTests.csproj", "{C3E88A78-C52C-4798-8269-373C48D4CA1E}"
EndProject
Project("{9A19103F-16F7-4668-BE54-9A1E7A4F7556}") = "PresentationApp", "PresentationApp\PresentationApp.csproj", "{7913A86E-46B4-4FD4-AB11-0A3CFA9B729B}"
EndProject
Global
	GlobalSection(SolutionConfigurationPlatforms) = preSolution
		Debug|Any CPU = Debug|Any CPU
		Release|Any CPU = Release|Any CPU
	EndGlobalSection
	GlobalSection(ProjectConfigurationPlatforms) = postSolution
		{761DE779-3DA2-4B7D-A998-6E7BA4342064}.Debug|Any CPU.ActiveCfg = Debug|Any CPU
		{761DE779-3DA2-4B7D-A998-6E7BA4342064}.Debug|Any CPU.Build.0 = Debug|Any CPU
		{761DE779-3DA2-4B7D-A998-6E7BA4342064}.Release|Any CPU.ActiveCfg = Release|Any CPU
		{761DE779-3DA2-4B7D-A998-6E7BA4342064}.Release|Any CPU.Build.0 = Release|Any CPU
		{C3E88A78-C52C-4798-8269-373C48D4CA1E}.Debug|Any CPU.ActiveCfg = Debug|Any CPU
		{C3E88A78-C52C-4798-8269-373C48D4CA1E}.Debug|Any CPU.Build.0 = Debug|Any CPU
		{C3E88A78-C52C-4798-8269-373C48D4CA1E}.Release|Any CPU.ActiveCfg = Release|Any CPU
		{C3E88A78-C52C-4798-8269-373C48D4CA1E}.Release|Any CPU.Build.0 = Release|Any CPU
		{7913A86E-46B4-4FD4-AB11-0A3CFA9B729B}.Debug|Any CPU.ActiveCfg = Debug|Any CPU
		{7913A86E-46B4-4FD4-AB11-0A3CFA9B729B}.Debug|Any CPU.Build.0 = Debug|Any CPU
		{7913A86E-46B4-4FD4-AB11-0A3CFA9B729B}.Release|Any CPU.ActiveCfg = Release|Any CPU
		{7913A86E-46B4-4FD4-AB11-0A3CFA9B729B}.Release|Any CPU.Build.0 = Release|Any CPU
	EndGlobalSection
	GlobalSection(SolutionProperties) = preSolution
		HideSolutionNode = FALSE
	EndGlobalSection
	GlobalSection(ExtensibilityGlobals) = postSolution
		SolutionGuid = {2FCF2BCC-8CD5-4E38-A049-7284ABA46DD9}
	EndGlobalSection
EndGlobal
